
Microsoft Visual Studio Solution File, Format Version 12.00
# Visual Studio 15
VisualStudioVersion = 15.0.27428.1
MinimumVisualStudioVersion = 10.0.40219.1
Project("{FAE04EC0-301F-11D3-BF4B-00C04F79EFBC}") = "Acumuladores", "Acumuladores\Acumuladores.csproj", "{44EDF66D-3C2D-438D-88F1-514C55BC354F}"
EndProject
Global
	GlobalSection(SolutionConfigurationPlatforms) = preSolution
		Debug|Any CPU = Debug|Any CPU
		Release|Any CPU = Release|Any CPU
	EndGlobalSection
	GlobalSection(ProjectConfigurationPlatforms) = postSolution
		{44EDF66D-3C2D-438D-88F1-514C55BC354F}.Debug|Any CPU.ActiveCfg = Debug|Any CPU
		{44EDF66D-3C2D-438D-88F1-514C55BC354F}.Debug|Any CPU.Build.0 = Debug|Any CPU
		{44EDF66D-3C2D-438D-88F1-514C55BC354F}.Release|Any CPU.ActiveCfg = Release|Any CPU
		{44EDF66D-3C2D-438D-88F1-514C55BC354F}.Release|Any CPU.Build.0 = Release|Any CPU
	EndGlobalSection
	GlobalSection(SolutionProperties) = preSolution
		HideSolutionNode = FALSE
	EndGlobalSection
	GlobalSection(ExtensibilityGlobals) = postSolution
		SolutionGuid = {1BF4E4CC-12D1-4070-BA0C-1B088D5EDBD2}
	EndGlobalSection
EndGlobal
