
Microsoft Visual Studio Solution File, Format Version 12.00
# Visual Studio 15
VisualStudioVersion = 15.0.27428.1
MinimumVisualStudioVersion = 10.0.40219.1
Project("{FAE04EC0-301F-11D3-BF4B-00C04F79EFBC}") = "FunconConRetornoConParametros", "FunconConRetornoConParametros\FunconConRetornoConParametros.csproj", "{D621CD21-AB04-4D5E-851F-C8C3AC247713}"
EndProject
Global
	GlobalSection(SolutionConfigurationPlatforms) = preSolution
		Debug|Any CPU = Debug|Any CPU
		Release|Any CPU = Release|Any CPU
	EndGlobalSection
	GlobalSection(ProjectConfigurationPlatforms) = postSolution
		{D621CD21-AB04-4D5E-851F-C8C3AC247713}.Debug|Any CPU.ActiveCfg = Debug|Any CPU
		{D621CD21-AB04-4D5E-851F-C8C3AC247713}.Debug|Any CPU.Build.0 = Debug|Any CPU
		{D621CD21-AB04-4D5E-851F-C8C3AC247713}.Release|Any CPU.ActiveCfg = Release|Any CPU
		{D621CD21-AB04-4D5E-851F-C8C3AC247713}.Release|Any CPU.Build.0 = Release|Any CPU
	EndGlobalSection
	GlobalSection(SolutionProperties) = preSolution
		HideSolutionNode = FALSE
	EndGlobalSection
	GlobalSection(ExtensibilityGlobals) = postSolution
		SolutionGuid = {0C238ACC-973A-48D4-BCEF-5BCD59889CE4}
	EndGlobalSection
EndGlobal
